
Microsoft Visual Studio Solution File, Format Version 12.00
# Visual Studio Version 17
VisualStudioVersion = 17.2.32630.192
MinimumVisualStudioVersion = 10.0.40219.1
Project("{FAE04EC0-301F-11D3-BF4B-00C04F79EFBC}") = "DsiCodeTech.SuPlazaWeb.Contabilidad", "DsiCodeTech.SuPlazaWeb.Contabilidad.csproj", "{2C76A505-C109-43C6-BD49-FA2D09FE364A}"
EndProject
Project("{FAE04EC0-301F-11D3-BF4B-00C04F79EFBC}") = "DsiCodeTech.SuPlazaWeb.Domain", "..\DsiCodeTech.SuPlazaWeb.Domain\DsiCodeTech.SuPlazaWeb.Domain.csproj", "{530A6D1E-46C9-47DB-95D3-3B5A2B1F4F3E}"
EndProject
Project("{FAE04EC0-301F-11D3-BF4B-00C04F79EFBC}") = "DsiCodeTech.SuPlazaWeb.Business", "..\DsiCodetech.SuPlazaWeb.Business\DsiCodeTech.SuPlazaWeb.Business.csproj", "{F7D2A71D-5282-44F4-8903-6B68D9D31A9D}"
EndProject
Project("{FAE04EC0-301F-11D3-BF4B-00C04F79EFBC}") = "DsiCodeTech.SuPlazaWeb.Repository", "..\DsiCodeTech.SuPlazaWeb.Repository\DsiCodeTech.SuPlazaWeb.Repository.csproj", "{BB94F8BE-2BFB-49AC-8DBF-17E6A48BC90A}"
EndProject
Project("{FAE04EC0-301F-11D3-BF4B-00C04F79EFBC}") = "DsiCodeTech.Common", "..\DsiCodeTech.Common\DsiCodeTech.Common.csproj", "{273B46C6-CD8B-420B-BA09-DEA0CB5B34D1}"
EndProject
Global
	GlobalSection(SolutionConfigurationPlatforms) = preSolution
		Debug|Any CPU = Debug|Any CPU
		Release|Any CPU = Release|Any CPU
	EndGlobalSection
	GlobalSection(ProjectConfigurationPlatforms) = postSolution
		{2C76A505-C109-43C6-BD49-FA2D09FE364A}.Debug|Any CPU.ActiveCfg = Debug|Any CPU
		{2C76A505-C109-43C6-BD49-FA2D09FE364A}.Debug|Any CPU.Build.0 = Debug|Any CPU
		{2C76A505-C109-43C6-BD49-FA2D09FE364A}.Release|Any CPU.ActiveCfg = Release|Any CPU
		{2C76A505-C109-43C6-BD49-FA2D09FE364A}.Release|Any CPU.Build.0 = Release|Any CPU
		{530A6D1E-46C9-47DB-95D3-3B5A2B1F4F3E}.Debug|Any CPU.ActiveCfg = Debug|Any CPU
		{530A6D1E-46C9-47DB-95D3-3B5A2B1F4F3E}.Debug|Any CPU.Build.0 = Debug|Any CPU
		{530A6D1E-46C9-47DB-95D3-3B5A2B1F4F3E}.Release|Any CPU.ActiveCfg = Release|Any CPU
		{530A6D1E-46C9-47DB-95D3-3B5A2B1F4F3E}.Release|Any CPU.Build.0 = Release|Any CPU
		{F7D2A71D-5282-44F4-8903-6B68D9D31A9D}.Debug|Any CPU.ActiveCfg = Debug|Any CPU
		{F7D2A71D-5282-44F4-8903-6B68D9D31A9D}.Debug|Any CPU.Build.0 = Debug|Any CPU
		{F7D2A71D-5282-44F4-8903-6B68D9D31A9D}.Release|Any CPU.ActiveCfg = Release|Any CPU
		{F7D2A71D-5282-44F4-8903-6B68D9D31A9D}.Release|Any CPU.Build.0 = Release|Any CPU
		{BB94F8BE-2BFB-49AC-8DBF-17E6A48BC90A}.Debug|Any CPU.ActiveCfg = Debug|Any CPU
		{BB94F8BE-2BFB-49AC-8DBF-17E6A48BC90A}.Debug|Any CPU.Build.0 = Debug|Any CPU
		{BB94F8BE-2BFB-49AC-8DBF-17E6A48BC90A}.Release|Any CPU.ActiveCfg = Release|Any CPU
		{BB94F8BE-2BFB-49AC-8DBF-17E6A48BC90A}.Release|Any CPU.Build.0 = Release|Any CPU
		{273B46C6-CD8B-420B-BA09-DEA0CB5B34D1}.Debug|Any CPU.ActiveCfg = Debug|Any CPU
		{273B46C6-CD8B-420B-BA09-DEA0CB5B34D1}.Debug|Any CPU.Build.0 = Debug|Any CPU
		{273B46C6-CD8B-420B-BA09-DEA0CB5B34D1}.Release|Any CPU.ActiveCfg = Release|Any CPU
		{273B46C6-CD8B-420B-BA09-DEA0CB5B34D1}.Release|Any CPU.Build.0 = Release|Any CPU
	EndGlobalSection
	GlobalSection(SolutionProperties) = preSolution
		HideSolutionNode = FALSE
	EndGlobalSection
	GlobalSection(ExtensibilityGlobals) = postSolution
		SolutionGuid = {521FA6A8-D81D-43B1-B3D3-2E91ACE0DAA1}
	EndGlobalSection
EndGlobal
