
Microsoft Visual Studio Solution File, Format Version 12.00
# Visual Studio Version 17
VisualStudioVersion = 17.2.32630.192
MinimumVisualStudioVersion = 10.0.40219.1
Project("{FAE04EC0-301F-11D3-BF4B-00C04F79EFBC}") = "DsiCodeTech.SuPlazaWeb.Contabilidad", "DsiCodeTech.SuPlazaWeb.Contabilidad.csproj", "{2C76A505-C109-43C6-BD49-FA2D09FE364A}"
EndProject
Project("{FAE04EC0-301F-11D3-BF4B-00C04F79EFBC}") = "DsiCodeTech.SuPlazaWeb.Domain", "..\DsiCodeTech.SuPlazaWeb.Domain\DsiCodeTech.SuPlazaWeb.Domain.csproj", "{530A6D1E-46C9-47DB-95D3-3B5A2B1F4F3E}"
EndProject
Global
	GlobalSection(SolutionConfigurationPlatforms) = preSolution
		Debug|Any CPU = Debug|Any CPU
		Release|Any CPU = Release|Any CPU
	EndGlobalSection
	GlobalSection(ProjectConfigurationPlatforms) = postSolution
		{2C76A505-C109-43C6-BD49-FA2D09FE364A}.Debug|Any CPU.ActiveCfg = Debug|Any CPU
		{2C76A505-C109-43C6-BD49-FA2D09FE364A}.Debug|Any CPU.Build.0 = Debug|Any CPU
		{2C76A505-C109-43C6-BD49-FA2D09FE364A}.Release|Any CPU.ActiveCfg = Release|Any CPU
		{2C76A505-C109-43C6-BD49-FA2D09FE364A}.Release|Any CPU.Build.0 = Release|Any CPU
		{530A6D1E-46C9-47DB-95D3-3B5A2B1F4F3E}.Debug|Any CPU.ActiveCfg = Debug|Any CPU
		{530A6D1E-46C9-47DB-95D3-3B5A2B1F4F3E}.Debug|Any CPU.Build.0 = Debug|Any CPU
		{530A6D1E-46C9-47DB-95D3-3B5A2B1F4F3E}.Release|Any CPU.ActiveCfg = Release|Any CPU
		{530A6D1E-46C9-47DB-95D3-3B5A2B1F4F3E}.Release|Any CPU.Build.0 = Release|Any CPU
	EndGlobalSection
	GlobalSection(SolutionProperties) = preSolution
		HideSolutionNode = FALSE
	EndGlobalSection
	GlobalSection(ExtensibilityGlobals) = postSolution
		SolutionGuid = {521FA6A8-D81D-43B1-B3D3-2E91ACE0DAA1}
	EndGlobalSection
EndGlobal
